{
  "name": "sbml-wasm-test",
  "version": "1.0.0",
  "lockfileVersion": 3,
  "requires": true,
  "packages": {
    "": {
      "name": "sbml-wasm-test",
      "version": "1.0.0",
      "dependencies": {
        "sbml-wasm": "file:../pkg"
      }
    },
    "../pkg": {
      "name": "sbml_wasm_project",
      "version": "0.1.0"
    },
    "node_modules/sbml-wasm": {
      "resolved": "../pkg",
      "link": true
    }
  }
}
